Microsoft Visual Studio Solution File, Format Version 12.00
# Visual Studio Version 16
VisualStudioVersion = 16.0.0.0
MinimumVisualStudioVersion = 16.0.0.0
Project("{9A19103F-16F7-4668-BE54-9A1E7A4F7556}") = "CoffeeApp.Server", "Server\CoffeeApp.Server.csproj", "{617C004A-28B3-47A4-998C-FC38119B29B9}"
EndProject
Project("{9A19103F-16F7-4668-BE54-9A1E7A4F7556}") = "CoffeeApp.Client", "Client\CoffeeApp.Client.csproj", "{39432AA6-276D-442D-9435-1AA93ECC9FCF}"
EndProject
Project("{9A19103F-16F7-4668-BE54-9A1E7A4F7556}") = "CoffeeApp.Shared", "Shared\CoffeeApp.Shared.csproj", "{2CBA79DC-006D-43EA-B35E-E601E3FFEE5A}"
EndProject
Global
	GlobalSection(SolutionConfigurationPlatforms) = preSolution
		Debug|Any CPU = Debug|Any CPU
		Debug|x64 = Debug|x64
		Debug|x86 = Debug|x86
		Release|Any CPU = Release|Any CPU
		Release|x64 = Release|x64
		Release|x86 = Release|x86
	EndGlobalSection
	GlobalSection(ProjectConfigurationPlatforms) = postSolution
		{39432AA6-276D-442D-9435-1AA93ECC9FCF}.Debug|Any CPU.ActiveCfg = Debug|Any CPU
		{39432AA6-276D-442D-9435-1AA93ECC9FCF}.Debug|Any CPU.Build.0 = Debug|Any CPU
		{39432AA6-276D-442D-9435-1AA93ECC9FCF}.Debug|x64.ActiveCfg = Debug|Any CPU
		{39432AA6-276D-442D-9435-1AA93ECC9FCF}.Debug|x64.Build.0 = Debug|Any CPU
		{39432AA6-276D-442D-9435-1AA93ECC9FCF}.Debug|x86.ActiveCfg = Debug|Any CPU
		{39432AA6-276D-442D-9435-1AA93ECC9FCF}.Debug|x86.Build.0 = Debug|Any CPU
		{39432AA6-276D-442D-9435-1AA93ECC9FCF}.Release|Any CPU.ActiveCfg = Release|Any CPU
		{39432AA6-276D-442D-9435-1AA93ECC9FCF}.Release|Any CPU.Build.0 = Release|Any CPU
		{39432AA6-276D-442D-9435-1AA93ECC9FCF}.Release|x64.ActiveCfg = Release|Any CPU
		{39432AA6-276D-442D-9435-1AA93ECC9FCF}.Release|x64.Build.0 = Release|Any CPU
		{39432AA6-276D-442D-9435-1AA93ECC9FCF}.Release|x86.ActiveCfg = Release|Any CPU
		{39432AA6-276D-442D-9435-1AA93ECC9FCF}.Release|x86.Build.0 = Release|Any CPU
		{617C004A-28B3-47A4-998C-FC38119B29B9}.Debug|Any CPU.ActiveCfg = Debug|Any CPU
		{617C004A-28B3-47A4-998C-FC38119B29B9}.Debug|Any CPU.Build.0 = Debug|Any CPU
		{617C004A-28B3-47A4-998C-FC38119B29B9}.Debug|x64.ActiveCfg = Debug|Any CPU
		{617C004A-28B3-47A4-998C-FC38119B29B9}.Debug|x64.Build.0 = Debug|Any CPU
		{617C004A-28B3-47A4-998C-FC38119B29B9}.Debug|x86.ActiveCfg = Debug|Any CPU
		{617C004A-28B3-47A4-998C-FC38119B29B9}.Debug|x86.Build.0 = Debug|Any CPU
		{617C004A-28B3-47A4-998C-FC38119B29B9}.Release|Any CPU.ActiveCfg = Release|Any CPU
		{617C004A-28B3-47A4-998C-FC38119B29B9}.Release|Any CPU.Build.0 = Release|Any CPU
		{617C004A-28B3-47A4-998C-FC38119B29B9}.Release|x64.ActiveCfg = Release|Any CPU
		{617C004A-28B3-47A4-998C-FC38119B29B9}.Release|x64.Build.0 = Release|Any CPU
		{617C004A-28B3-47A4-998C-FC38119B29B9}.Release|x86.ActiveCfg = Release|Any CPU
		{617C004A-28B3-47A4-998C-FC38119B29B9}.Release|x86.Build.0 = Release|Any CPU
		{2CBA79DC-006D-43EA-B35E-E601E3FFEE5A}.Debug|Any CPU.ActiveCfg = Debug|Any CPU
		{2CBA79DC-006D-43EA-B35E-E601E3FFEE5A}.Debug|Any CPU.Build.0 = Debug|Any CPU
		{2CBA79DC-006D-43EA-B35E-E601E3FFEE5A}.Debug|x64.ActiveCfg = Debug|Any CPU
		{2CBA79DC-006D-43EA-B35E-E601E3FFEE5A}.Debug|x64.Build.0 = Debug|Any CPU
		{2CBA79DC-006D-43EA-B35E-E601E3FFEE5A}.Debug|x86.ActiveCfg = Debug|Any CPU
		{2CBA79DC-006D-43EA-B35E-E601E3FFEE5A}.Debug|x86.Build.0 = Debug|Any CPU
		{2CBA79DC-006D-43EA-B35E-E601E3FFEE5A}.Release|Any CPU.ActiveCfg = Release|Any CPU
		{2CBA79DC-006D-43EA-B35E-E601E3FFEE5A}.Release|Any CPU.Build.0 = Release|Any CPU
		{2CBA79DC-006D-43EA-B35E-E601E3FFEE5A}.Release|x64.ActiveCfg = Release|Any CPU
		{2CBA79DC-006D-43EA-B35E-E601E3FFEE5A}.Release|x64.Build.0 = Release|Any CPU
		{2CBA79DC-006D-43EA-B35E-E601E3FFEE5A}.Release|x86.ActiveCfg = Release|Any CPU
		{2CBA79DC-006D-43EA-B35E-E601E3FFEE5A}.Release|x86.Build.0 = Release|Any CPU
	EndGlobalSection
	GlobalSection(SolutionProperties) = preSolution
		HideSolutionNode = FALSE
	EndGlobalSection
	GlobalSection(ExtensibilityGlobals) = postSolution
		SolutionGuid = {98B251A9-F0A0-4AAB-839E-806E6E33A084}
	EndGlobalSection
EndGlobal